
Microsoft Visual Studio Solution File, Format Version 12.00
# Visual Studio Version 17
VisualStudioVersion = 17.1.32210.238
MinimumVisualStudioVersion = 10.0.40219.1
Project("{9A19103F-16F7-4668-BE54-9A1E7A4F7556}") = "Timetable", "Timetable\Timetable.csproj", "{E1D938AB-239C-43AC-B34D-D86AFBD53582}"
EndProject
Global
	GlobalSection(SolutionConfigurationPlatforms) = preSolution
		Debug|Any CPU = Debug|Any CPU
		Release|Any CPU = Release|Any CPU
	EndGlobalSection
	GlobalSection(ProjectConfigurationPlatforms) = postSolution
		{E1D938AB-239C-43AC-B34D-D86AFBD53582}.Debug|Any CPU.ActiveCfg = Debug|Any CPU
		{E1D938AB-239C-43AC-B34D-D86AFBD53582}.Debug|Any CPU.Build.0 = Debug|Any CPU
		{E1D938AB-239C-43AC-B34D-D86AFBD53582}.Release|Any CPU.ActiveCfg = Release|Any CPU
		{E1D938AB-239C-43AC-B34D-D86AFBD53582}.Release|Any CPU.Build.0 = Release|Any CPU
	EndGlobalSection
	GlobalSection(SolutionProperties) = preSolution
		HideSolutionNode = FALSE
	EndGlobalSection
	GlobalSection(ExtensibilityGlobals) = postSolution
		SolutionGuid = {C8B80E9B-C6F1-4F2E-86EE-71E2ADACB9D8}
	EndGlobalSection
EndGlobal
